{
    "_readme": [
        "This file locks the dependencies of your project to a known state",
        "Read more about it at https://getcomposer.org/doc/01-basic-usage.md#composer-lock-the-lock-file",
        "This file is @generated automatically"
    ],
    "content-hash": "562f9d4fc178840673d0721eb5c7d77d",
    "packages": [
        {
            "name": "adoy/oauth2",
            "version": "1.3.0",
            "source": {
                "type": "git",
                "url": "https://github.com/adoy/PHP-OAuth2.git",
                "reference": "617d8605955cbb0ca929358fda74eab308c39cfa"
            },
            "dist": {
                "type": "zip",
                "url": "https://api.github.com/repos/adoy/PHP-OAuth2/zipball/617d8605955cbb0ca929358fda74eab308c39cfa",
                "reference": "617d8605955cbb0ca929358fda74eab308c39cfa",
                "shasum": ""
            },
            "require": {
                "php": ">=5.3.0"
            },
            "type": "library",
            "autoload": {
                "psr-0": {
                    "OAuth2": "src/"
                }
            },
            "notification-url": "https://packagist.org/downloads/",
            "license": [
                "LGPL-2.1"
            ],
            "authors": [
                {
                    "name": "Berejeb Anis",
                    "email": "anis.berejeb@gmail.com"
                },
                {
                    "name": "Charron Pierrick",
                    "email": "pierrick@webstart.fr"
                }
            ],
            "description": "Light PHP wrapper for the OAuth 2.0 protocol (based on OAuth 2.0 Authorization Protocol draft-ietf-oauth-v2-15)",
            "time": "2015-08-03T19:57:06+00:00"
        },
        {
            "name": "circuit/circuit-php-api",
            "version": "1.0.0",
            "dist": {
                "type": "path",
                "url": "./circuit-api",
                "reference": "7f274e76c7d7dd3b4dcdc4197aa1953233f03535",
                "shasum": null
            },
            "require": {
                "ext-curl": "*",
                "ext-json": "*",
                "ext-mbstring": "*",
                "php": ">=5.4"
            },
            "require-dev": {
                "friendsofphp/php-cs-fixer": "~1.12",
                "phpunit/phpunit": "~4.8",
                "satooshi/php-coveralls": "~1.0",
                "squizlabs/php_codesniffer": "~2.6"
            },
            "type": "library",
            "autoload": {
                "psr-4": {
                    "Swagger\\Client\\": "lib/"
                }
            },
            "autoload-dev": {
                "psr-4": {
                    "Swagger\\Client\\": "test/"
                }
            },
            "license": [
                "proprietary"
            ],
            "authors": [
                {
                    "name": "Swagger and contributors",
                    "homepage": "https://github.com/swagger-api/swagger-codegen"
                }
            ],
            "homepage": "http://swagger.io",
            "keywords": [
                "api",
                "php",
                "sdk",
                "swagger"
            ]
        },
        {
            "name": "icanboogie/storage",
            "version": "v1.0.1",
            "source": {
                "type": "git",
                "url": "https://github.com/ICanBoogie/Storage.git",
                "reference": "a525be499ab476b1358136032de4d00c7500617e"
            },
            "dist": {
                "type": "zip",
                "url": "https://api.github.com/repos/ICanBoogie/Storage/zipball/a525be499ab476b1358136032de4d00c7500617e",
                "reference": "a525be499ab476b1358136032de4d00c7500617e",
                "shasum": ""
            },
            "require": {
                "php": ">=5.4.0"
            },
            "type": "library",
            "autoload": {
                "psr-4": {
                    "ICanBoogie\\Storage\\": "lib/"
                }
            },
            "notification-url": "https://packagist.org/downloads/",
            "license": [
                "BSD-3-Clause"
            ],
            "authors": [
                {
                    "name": "Olivier Laviale",
                    "email": "olivier.laviale@gmail.com",
                    "homepage": "http://www.weirdog.com/",
                    "role": "Developer"
                }
            ],
            "description": "An API to store values.",
            "homepage": "http://icanboogie.org/",
            "keywords": [
                "cache",
                "storage"
            ],
            "time": "2015-02-27T09:17:14+00:00"
        }
    ],
    "packages-dev": [],
    "aliases": [],
    "minimum-stability": "stable",
    "stability-flags": [],
    "prefer-stable": false,
    "prefer-lowest": false,
    "platform": [],
    "platform-dev": []
}
