{
    "_readme": [
        "This file locks the dependencies of your project to a known state",
        "Read more about it at https://getcomposer.org/doc/01-basic-usage.md#composer-lock-the-lock-file",
        "This file is @generated automatically"
    ],
    "content-hash": "ba5cd8df8ada7a8e9ddaac737353c8b2",
    "packages": [
        {
            "name": "adoy/oauth2",
            "version": "1.3.0",
            "source": {
                "type": "git",
                "url": "https://github.com/adoy/PHP-OAuth2.git",
                "reference": "617d8605955cbb0ca929358fda74eab308c39cfa"
            },
            "dist": {
                "type": "zip",
                "url": "https://api.github.com/repos/adoy/PHP-OAuth2/zipball/617d8605955cbb0ca929358fda74eab308c39cfa",
                "reference": "617d8605955cbb0ca929358fda74eab308c39cfa",
                "shasum": ""
            },
            "require": {
                "php": ">=5.3.0"
            },
            "type": "library",
            "autoload": {
                "psr-0": {
                    "OAuth2": "src/"
                }
            },
            "notification-url": "https://packagist.org/downloads/",
            "license": [
                "LGPL-2.1"
            ],
            "authors": [
                {
                    "name": "Berejeb Anis",
                    "email": "anis.berejeb@gmail.com"
                },
                {
                    "name": "Charron Pierrick",
                    "email": "pierrick@webstart.fr"
                }
            ],
            "description": "Light PHP wrapper for the OAuth 2.0 protocol (based on OAuth 2.0 Authorization Protocol draft-ietf-oauth-v2-15)",
            "time": "2015-08-03T19:57:06+00:00"
        },
        {
            "name": "bainternet/php-hooks",
            "version": "1.0.0",
            "source": {
                "type": "git",
                "url": "https://github.com/bainternet/PHP-Hooks.git",
                "reference": "c45a4d1b1c630c52cf7483424d222049e1b7d341"
            },
            "dist": {
                "type": "zip",
                "url": "https://api.github.com/repos/bainternet/PHP-Hooks/zipball/c45a4d1b1c630c52cf7483424d222049e1b7d341",
                "reference": "c45a4d1b1c630c52cf7483424d222049e1b7d341",
                "shasum": ""
            },
            "type": "library",
            "autoload": {
                "files": [
                    "php-hooks.php"
                ]
            },
            "notification-url": "https://packagist.org/downloads/",
            "license": [
                "GPL-3.0"
            ],
            "authors": [
                {
                    "name": "Ohad Raz",
                    "homepage": "https://en.bainternet.info/"
                }
            ],
            "description": "A fork of the WordPress filters hook system rolled in to a class to be ported into any PHP-based system",
            "homepage": "http://bainternet.github.io/PHP-Hooks/",
            "keywords": [
                "actions",
                "filters",
                "hooks"
            ],
            "time": "2015-09-07T12:11:17+00:00"
        },
        {
            "name": "ciis0/circuit-bot",
            "version": "dev-master",
            "dist": {
                "type": "path",
                "url": "../circuit-bot",
                "reference": "4e0cba7787f5761e9e21d1acb5c5c128975314cf",
                "shasum": null
            },
            "require": {
                "adoy/oauth2": "^1.3",
                "bainternet/php-hooks": "^1.0",
                "circuit/circuit-php-api": "*",
                "icanboogie/storage": "^1.0"
            },
            "type": "project",
            "autoload": {
                "files": [
                    "index.php"
                ]
            },
            "authors": [
                {
                    "name": "Christoph Schulz",
                    "email": "christoph.2.schulz@atos.net"
                }
            ],
            "description": "Sends status messages to circuit conversations."
        },
        {
            "name": "circuit/circuit-php-api",
            "version": "1.0.0",
            "dist": {
                "type": "path",
                "url": "../circuit-api",
                "reference": "7707cd02bed4bdd1c853b78a7384f22d84952af6",
                "shasum": null
            },
            "require": {
                "ext-curl": "*",
                "ext-json": "*",
                "ext-mbstring": "*",
                "php": ">=5.4"
            },
            "require-dev": {
                "friendsofphp/php-cs-fixer": "~1.12",
                "phpunit/phpunit": "~4.8",
                "satooshi/php-coveralls": "~1.0",
                "squizlabs/php_codesniffer": "~2.6"
            },
            "type": "library",
            "autoload": {
                "psr-4": {
                    "Swagger\\Client\\": "lib/"
                }
            },
            "autoload-dev": {
                "psr-4": {
                    "Swagger\\Client\\": "test/"
                }
            },
            "license": [
                "proprietary"
            ],
            "authors": [
                {
                    "name": "Swagger and contributors",
                    "homepage": "https://github.com/swagger-api/swagger-codegen"
                }
            ],
            "homepage": "http://swagger.io",
            "keywords": [
                "api",
                "php",
                "sdk",
                "swagger"
            ]
        },
        {
            "name": "icanboogie/storage",
            "version": "v1.0.1",
            "source": {
                "type": "git",
                "url": "https://github.com/ICanBoogie/Storage.git",
                "reference": "a525be499ab476b1358136032de4d00c7500617e"
            },
            "dist": {
                "type": "zip",
                "url": "https://api.github.com/repos/ICanBoogie/Storage/zipball/a525be499ab476b1358136032de4d00c7500617e",
                "reference": "a525be499ab476b1358136032de4d00c7500617e",
                "shasum": ""
            },
            "require": {
                "php": ">=5.4.0"
            },
            "type": "library",
            "autoload": {
                "psr-4": {
                    "ICanBoogie\\Storage\\": "lib/"
                }
            },
            "notification-url": "https://packagist.org/downloads/",
            "license": [
                "BSD-3-Clause"
            ],
            "authors": [
                {
                    "name": "Olivier Laviale",
                    "email": "olivier.laviale@gmail.com",
                    "homepage": "http://www.weirdog.com/",
                    "role": "Developer"
                }
            ],
            "description": "An API to store values.",
            "homepage": "http://icanboogie.org/",
            "keywords": [
                "cache",
                "storage"
            ],
            "time": "2015-02-27T09:17:14+00:00"
        }
    ],
    "packages-dev": [],
    "aliases": [],
    "minimum-stability": "dev",
    "stability-flags": {
        "ciis0/circuit-bot": 20
    },
    "prefer-stable": false,
    "prefer-lowest": false,
    "platform": [],
    "platform-dev": []
}
